<?xml version="1.0" encoding="utf-8"?>
<Project ToolsVersion="4.0" xmlns="http://schemas.microsoft.com/developer/msbuild/2003">
  <ItemGroup>
    <Filter Include="소스 파일">
      <UniqueIdentifier>{4FC737F1-C7A5-4376-A066-2A32D752A2FF}</UniqueIdentifier>
      <Extensions>cpp;c;cc;cxx;c++;cppm;ixx;def;odl;idl;hpj;bat;asm;asmx</Extensions>
    </Filter>
    <Filter Include="리소스 파일">
      <UniqueIdentifier>{67DA6AB6-F800-4c08-8B7A-83BB121AAD01}</UniqueIdentifier>
      <Extensions>rc;ico;cur;bmp;dlg;rc2;rct;bin;rgs;gif;jpg;jpeg;jpe;resx;tiff;tif;png;wav;mfcribbon-ms</Extensions>
    </Filter>
    <Filter Include="소스 파일\01.Main">
      <UniqueIdentifier>{3067fdc5-0221-4e1c-823b-20d17ce9749e}</UniqueIdentifier>
    </Filter>
    <Filter Include="소스 파일\99.Headers">
      <UniqueIdentifier>{30f1c6e4-cd6a-481b-91f8-4c9ae919052a}</UniqueIdentifier>
    </Filter>
    <Filter Include="소스 파일\99.Headers\Andromada">
      <UniqueIdentifier>{7fc39ff7-903f-4cec-95f8-84aad1993125}</UniqueIdentifier>
    </Filter>
  </ItemGroup>
  <ItemGroup>
    <ClInclude Include="framework.h">
      <Filter>소스 파일\99.Headers\Andromada</Filter>
    </ClInclude>
    <ClInclude Include="Resource.h">
      <Filter>소스 파일\99.Headers\Andromada</Filter>
    </ClInclude>
    <ClInclude Include="targetver.h">
      <Filter>소스 파일\99.Headers\Andromada</Filter>
    </ClInclude>
    <ClInclude Include="DX2D_Client.h">
      <Filter>소스 파일\01.Main</Filter>
    </ClInclude>
    <ClInclude Include="pch.h">
      <Filter>소스 파일\99.Headers</Filter>
    </ClInclude>
    <ClInclude Include="Struct.h">
      <Filter>소스 파일\99.Headers</Filter>
    </ClInclude>
    <ClInclude Include="Types.h">
      <Filter>소스 파일\99.Headers</Filter>
    </ClInclude>
    <ClInclude Include="Values.h">
      <Filter>소스 파일\99.Headers</Filter>
    </ClInclude>
    <ClInclude Include="Game.h">
      <Filter>소스 파일\01.Main</Filter>
    </ClInclude>
  </ItemGroup>
  <ItemGroup>
    <ResourceCompile Include="DX2D_Client.rc">
      <Filter>리소스 파일</Filter>
    </ResourceCompile>
  </ItemGroup>
  <ItemGroup>
    <Image Include="small.ico">
      <Filter>리소스 파일</Filter>
    </Image>
    <Image Include="DX2D_Client.ico">
      <Filter>리소스 파일</Filter>
    </Image>
  </ItemGroup>
  <ItemGroup>
    <ClCompile Include="DX2D_Client.cpp">
      <Filter>소스 파일\01.Main</Filter>
    </ClCompile>
    <ClCompile Include="pch.cpp">
      <Filter>소스 파일\99.Headers</Filter>
    </ClCompile>
    <ClCompile Include="Game.cpp">
      <Filter>소스 파일\01.Main</Filter>
    </ClCompile>
  </ItemGroup>
</Project>